<Solution>
  <Project Path="SV22T1020536.BusinessLayers/SV22T1020536.BusinessLayers.csproj" />
  <Project Path="SV22T1020536.DataLayers/SV22T1020536.DataLayers.csproj" />
  <Project Path="SV22T1020536.Models/SV22T1020536.Models.csproj" />
  <Project Path="SV22T1020536.Admin/SV22T1020536.Admin.csproj" />
  <Project Path="SV22T1020536.Shop/SV22T1020536.Shop.csproj" />
</Solution>
